lockfileVersion: '9.0'

settings:
  autoInstallPeers: true
  excludeLinksFromLockfile: false

importers:

  .:
    dependencies:
      '@pretty-ts-errors/formatter':
        specifier: ^0.1.7
        version: 0.1.7(prettier@2.8.8)

packages:

  '@pretty-ts-errors/formatter@0.1.7':
    resolution: {integrity: sha512-7oiBpTUYGQIRkLwyFnMkPD2KTdnwTJZ9QqULNbVaRq+unJ66dV8E6vbg1skcq6qBr0Y3RuszsvxVedxdgZvbJw==}
    peerDependencies:
      prettier: ^2.8.7

  prettier@2.8.8:
    resolution: {integrity: sha512-tdN8qQGvNjw4CHbY+XXk0JgCXn9QiF21a55rBe5LJAU+kDyC4WQn4+awm2Xfk2lQMk5fKup9XgzTZtGkjBdP9Q==}
    engines: {node: '>=10.13.0'}
    hasBin: true

snapshots:

  '@pretty-ts-errors/formatter@0.1.7(prettier@2.8.8)':
    dependencies:
      prettier: 2.8.8

  prettier@2.8.8: {}
